
Microsoft Visual Studio Solution File, Format Version 12.00
# Visual Studio Version 17
VisualStudioVersion = 17.4.33110.190
MinimumVisualStudioVersion = 10.0.40219.1
Project("{9A19103F-16F7-4668-BE54-9A1E7A4F7556}") = "ITSec-Backend", "ITSec-Backend.csproj", "{9C730390-3317-4DC9-99EF-1F6EB252E48A}"
EndProject
Project("{FAE04EC0-301F-11D3-BF4B-00C04F79EFBC}") = "MaliciousLoginPackage", "..\MaliciousLoginPackage\MaliciousLoginPackage.csproj", "{10AD4DA7-E619-4C80-948E-BC4B1C0AC821}"
EndProject
Global
	GlobalSection(SolutionConfigurationPlatforms) = preSolution
		Debug|Any CPU = Debug|Any CPU
		Release|Any CPU = Release|Any CPU
	EndGlobalSection
	GlobalSection(ProjectConfigurationPlatforms) = postSolution
		{9C730390-3317-4DC9-99EF-1F6EB252E48A}.Debug|Any CPU.ActiveCfg = Debug|Any CPU
		{9C730390-3317-4DC9-99EF-1F6EB252E48A}.Debug|Any CPU.Build.0 = Debug|Any CPU
		{9C730390-3317-4DC9-99EF-1F6EB252E48A}.Release|Any CPU.ActiveCfg = Release|Any CPU
		{9C730390-3317-4DC9-99EF-1F6EB252E48A}.Release|Any CPU.Build.0 = Release|Any CPU
		{10AD4DA7-E619-4C80-948E-BC4B1C0AC821}.Debug|Any CPU.ActiveCfg = Debug|Any CPU
		{10AD4DA7-E619-4C80-948E-BC4B1C0AC821}.Debug|Any CPU.Build.0 = Debug|Any CPU
		{10AD4DA7-E619-4C80-948E-BC4B1C0AC821}.Release|Any CPU.ActiveCfg = Release|Any CPU
		{10AD4DA7-E619-4C80-948E-BC4B1C0AC821}.Release|Any CPU.Build.0 = Release|Any CPU
	EndGlobalSection
	GlobalSection(SolutionProperties) = preSolution
		HideSolutionNode = FALSE
	EndGlobalSection
	GlobalSection(ExtensibilityGlobals) = postSolution
		SolutionGuid = {C7D505FE-3D6C-46A7-9613-7C66FF2F3876}
	EndGlobalSection
EndGlobal
